
Microsoft Visual Studio Solution File, Format Version 11.00
# Visual Studio 2010
Project("{8BC9CEB8-8B4A-11D0-8D11-00A0C91BC942}") = "DT-Extract", "projects\DT-Extract\DT-Extract.vcxproj", "{F6BAA793-66E3-4019-AFC0-C0100BA1E58A}"
EndProject
Project("{8BC9CEB8-8B4A-11D0-8D11-00A0C91BC942}") = "DT-StaticLib", "projects\DT-StaticLib\DT-StaticLib.vcxproj", "{C4C771A1-584B-4F9E-9EC1-782A04A24868}"
EndProject
Global
	GlobalSection(SolutionConfigurationPlatforms) = preSolution
		Debug|Win32 = Debug|Win32
		Release|Win32 = Release|Win32
	EndGlobalSection
	GlobalSection(ProjectConfigurationPlatforms) = postSolution
		{F6BAA793-66E3-4019-AFC0-C0100BA1E58A}.Debug|Win32.ActiveCfg = Debug|Win32
		{F6BAA793-66E3-4019-AFC0-C0100BA1E58A}.Debug|Win32.Build.0 = Debug|Win32
		{F6BAA793-66E3-4019-AFC0-C0100BA1E58A}.Release|Win32.ActiveCfg = Release|Win32
		{F6BAA793-66E3-4019-AFC0-C0100BA1E58A}.Release|Win32.Build.0 = Release|Win32
		{C4C771A1-584B-4F9E-9EC1-782A04A24868}.Debug|Win32.ActiveCfg = Debug|Win32
		{C4C771A1-584B-4F9E-9EC1-782A04A24868}.Debug|Win32.Build.0 = Debug|Win32
		{C4C771A1-584B-4F9E-9EC1-782A04A24868}.Release|Win32.ActiveCfg = Release|Win32
		{C4C771A1-584B-4F9E-9EC1-782A04A24868}.Release|Win32.Build.0 = Release|Win32
	EndGlobalSection
	GlobalSection(SolutionProperties) = preSolution
		HideSolutionNode = FALSE
	EndGlobalSection
EndGlobal
